
Microsoft Visual Studio Solution File, Format Version 12.00
# Visual Studio Version 17
VisualStudioVersion = 17.0.32112.339
MinimumVisualStudioVersion = 10.0.40219.1
Project("{8BC9CEB8-8B4A-11D0-8D11-00A0C91BC942}") = "ConsoleApplication2", "ConsoleApplication2.vcxproj", "{A2D6B40E-960C-4620-92AE-5AFB53650E86}"
EndProject
Global
	GlobalSection(SolutionConfigurationPlatforms) = preSolution
		Debug|x64 = Debug|x64
		Debug|x86 = Debug|x86
		Release|x64 = Release|x64
		Release|x86 = Release|x86
	EndGlobalSection
	GlobalSection(ProjectConfigurationPlatforms) = postSolution
		{A2D6B40E-960C-4620-92AE-5AFB53650E86}.Debug|x64.ActiveCfg = Debug|x64
		{A2D6B40E-960C-4620-92AE-5AFB53650E86}.Debug|x64.Build.0 = Debug|x64
		{A2D6B40E-960C-4620-92AE-5AFB53650E86}.Debug|x86.ActiveCfg = Debug|Win32
		{A2D6B40E-960C-4620-92AE-5AFB53650E86}.Debug|x86.Build.0 = Debug|Win32
		{A2D6B40E-960C-4620-92AE-5AFB53650E86}.Release|x64.ActiveCfg = Release|x64
		{A2D6B40E-960C-4620-92AE-5AFB53650E86}.Release|x64.Build.0 = Release|x64
		{A2D6B40E-960C-4620-92AE-5AFB53650E86}.Release|x86.ActiveCfg = Release|Win32
		{A2D6B40E-960C-4620-92AE-5AFB53650E86}.Release|x86.Build.0 = Release|Win32
	EndGlobalSection
	GlobalSection(SolutionProperties) = preSolution
		HideSolutionNode = FALSE
	EndGlobalSection
	GlobalSection(ExtensibilityGlobals) = postSolution
		SolutionGuid = {83F65CE0-F906-42B4-85C3-3DCDACA512C9}
	EndGlobalSection
EndGlobal
